PODS:
  - CTAssetsPickerController (3.3.2-alpha):
    - PureLayout (~> 3.0.0)
  - PureLayout (3.0.1)

DEPENDENCIES:
  - CTAssetsPickerController (from `.`)

SPEC REPOS:
  https://github.com/cocoapods/specs.git:
    - PureLayout

EXTERNAL SOURCES:
  CTAssetsPickerController:
    :path: "."

SPEC CHECKSUMS:
  CTAssetsPickerController: 19f3458fede8751a807dcc7560c55fd9b11f1c5f
  PureLayout: f35f5384c9c4e4479df041dbe33ad7577b71ddfb

PODFILE CHECKSUM: 403f72f3fd38544aa5624abfc84a28ccdf244d0c

COCOAPODS: 1.5.3
